{
  "name": "parse-app",
  "version": "1.0.0",
  "lockfileVersion": 3,
  "requires": true,
  "packages": {
    "": {
      "name": "parse-app",
      "version": "1.0.0",
      "dependencies": {
        "@kei/hono": "file:../kei-hono"
      }
    },
    "../kei-hono": {
      "name": "@kei/hono",
      "version": "0.1.0",
      "license": "MIT",
      "dependencies": {
        "@kei/runtime": "file:../../../../runtime",
        "hono": "^4.9.0"
      },
      "devDependencies": {
        "typescript": "^6.0.3"
      }
    },
    "node_modules/@kei/hono": {
      "resolved": "../kei-hono",
      "link": true
    }
  }
}
